PODS:
  - Flutter (1.0.0)
  - geocoder (0.0.1):
    - Flutter

DEPENDENCIES:
  - Flutter (from `Flutter`)
  - geocoder (from `.symlinks/plugins/geocoder/ios`)

EXTERNAL SOURCES:
  Flutter:
    :path: Flutter
  geocoder:
    :path: ".symlinks/plugins/geocoder/ios"

SPEC CHECKSUMS:
  Flutter: 434fef37c0980e73bb6479ef766c45957d4b510c
  geocoder: 3cfab70531a0b367e917bafe82df4c30f6d4c45a

PODFILE CHECKSUM: aafe91acc616949ddb318b77800a7f51bffa2a4c

COCOAPODS: 1.10.1
